// !$*UTF8*$!
{
	archiveVersion = 1;
	classes = {
	};
	objectVersion = 77;
	objects = {

/* Begin PBXBuildFile section */
		D4D9C4CF2E108D1A00B28909 /* Lottie in Frameworks */ = {isa = PBXBuildFile; productRef = D4D9C4CE2E108D1A00B28909 /* Lottie */; };
/* End PBXBuildFile section */

/* Begin PBXContainerItemProxy section */
		D4D9C49B2E10767500B28909 /* PBXContainerItemProxy */ = {
			isa = PBXContainerItemProxy;
			containerPortal = D4D9C4852E10767300B28909 /* Project object */;
			proxyType = 1;
			remoteGlobalIDString = D4D9C48C2E10767300B28909;
			remoteInfo = PlantCoach;
		};
		D4D9C4A52E10767500B28909 /* PBXContainerItemProxy */ = {
			isa = PBXContainerItemProxy;
			containerPortal = D4D9C4852E10767300B28909 /* Project object */;
			proxyType = 1;
			remoteGlobalIDString = D4D9C48C2E10767300B28909;
			remoteInfo = PlantCoach;
		};
/* End PBXContainerItemProxy section */

/* Begin PBXFileReference section */
		D4D9C48D2E10767300B28909 /* PlantCoach.app */ = {isa = PBXFileReference; explicitFileType = wrapper.application; includeInIndex = 0; path = PlantCoach.app; sourceTree = BUILT_PRODUCTS_DIR; };
		D4D9C49A2E10767500B28909 /* PlantCoachTests.xctest */ = {isa = PBXFileReference; explicitFileType = wrapper.cfbundle; includeInIndex = 0; path = PlantCoachTests.xctest; sourceTree = BUILT_PRODUCTS_DIR; };
		D4D9C4A42E10767500B28909 /* PlantCoachUITests.xctest */ = {isa = PBXFileReference; explicitFileType = wrapper.cfbundle; includeInIndex = 0; path = PlantCoachUITests.xctest; sourceTree = BUILT_PRODUCTS_DIR; };
/* End PBXFileReference section */

/* Begin PBXFileSystemSynchronizedRootGroup section */
		D4D9C48F2E10767300B28909 /* PlantCoach */ = {
			isa = PBXFileSystemSynchronizedRootGroup;
			path = PlantCoach;
			sourceTree = "<group>";
		};
		D4D9C49D2E10767500B28909 /* PlantCoachTests */ = {
			isa = PBXFileSystemSynchronizedRootGroup;
			path = PlantCoachTests;
			sourceTree = "<group>";
		};
		D4D9C4A72E10767500B28909 /* PlantCoachUITests */ = {
			isa = PBXFileSystemSynchronizedRootGroup;
			path = PlantCoachUITests;
			sourceTree = "<group>";
		};
/* End PBXFileSystemSynchronizedRootGroup section */

/* Begin PBXFrameworksBuildPhase section */
		D4D9C48A2E10767300B28909 /* Frameworks */ = {
			isa = PBXFrameworksBuildPhase;
			buildActionMask = 2147483647;
			files = (
				D4D9C4CF2E108D1A00B28909 /* Lottie in Frameworks */,
			);
			runOnlyForDeploymentPostprocessing = 0;
		};
		D4D9C4972E10767500B28909 /* Frameworks */ = {
			isa = PBXFrameworksBuildPhase;
			buildActionMask = 2147483647;
			files = (
			);
			runOnlyForDeploymentPostprocessing = 0;
		};
		D4D9C4A12E10767500B28909 /* Frameworks */ = {
			isa = PBXFrameworksBuildPhase;
			buildActionMask = 2147483647;
			files = (
			);
			runOnlyForDeploymentPostprocessing = 0;
		};
/* End PBXFrameworksBuildPhase section */

/* Begin PBXGroup section */
		D4D9C4842E10767300B28909 = {
			isa = PBXGroup;
			children = (
				D4D9C48F2E10767300B28909 /* PlantCoach */,
				D4D9C49D2E10767500B28909 /* PlantCoachTests */,
				D4D9C4A72E10767500B28909 /* PlantCoachUITests */,
				D4D9C48E2E10767300B28909 /* Products */,
			);
			sourceTree = "<group>";
		};
		D4D9C48E2E10767300B28909 /* Products */ = {
			isa = PBXGroup;
			children = (
				D4D9C48D2E10767300B28909 /* PlantCoach.app */,
				D4D9C49A2E10767500B28909 /* PlantCoachTests.xctest */,
				D4D9C4A42E10767500B28909 /* PlantCoachUITests.xctest */,
			);
			name = Products;
			sourceTree = "<group>";
		};
/* End PBXGroup section */

/* Begin PBXNativeTarget section */
		D4D9C48C2E10767300B28909 /* PlantCoach */ = {
			isa = PBXNativeTarget;
			buildConfigurationList = D4D9C4AE2E10767500B28909 /* Build configuration list for PBXNativeTarget "PlantCoach" */;
			buildPhases = (
				D4D9C4892E10767300B28909 /* Sources */,
				D4D9C48A2E10767300B28909 /* Frameworks */,
				D4D9C48B2E10767300B28909 /* Resources */,
			);
			buildRules = (
			);
			dependencies = (
			);
			fileSystemSynchronizedGroups = (
				D4D9C48F2E10767300B28909 /* PlantCoach */,
			);
			name = PlantCoach;
			packageProductDependencies = (
				D4D9C4CE2E108D1A00B28909 /* Lottie */,
			);
			productName = PlantCoach;
			productReference = D4D9C48D2E10767300B28909 /* PlantCoach.app */;
			productType = "com.apple.product-type.application";
		};
		D4D9C4992E10767500B28909 /* PlantCoachTests */ = {
			isa = PBXNativeTarget;
			buildConfigurationList = D4D9C4B12E10767500B28909 /* Build configuration list for PBXNativeTarget "PlantCoachTests" */;
			buildPhases = (
				D4D9C4962E10767500B28909 /* Sources */,
				D4D9C4972E10767500B28909 /* Frameworks */,
				D4D9C4982E10767500B28909 /* Resources */,
			);
			buildRules = (
			);
			dependencies = (
				D4D9C49C2E10767500B28909 /* PBXTargetDependency */,
			);
			fileSystemSynchronizedGroups = (
				D4D9C49D2E10767500B28909 /* PlantCoachTests */,
			);
			name = PlantCoachTests;
			packageProductDependencies = (
			);
			productName = PlantCoachTests;
			productReference = D4D9C49A2E10767500B28909 /* PlantCoachTests.xctest */;
			productType = "com.apple.product-type.bundle.unit-test";
		};
		D4D9C4A32E10767500B28909 /* PlantCoachUITests */ = {
			isa = PBXNativeTarget;
			buildConfigurationList = D4D9C4B42E10767500B28909 /* Build configuration list for PBXNativeTarget "PlantCoachUITests" */;
			buildPhases = (
				D4D9C4A02E10767500B28909 /* Sources */,
				D4D9C4A12E10767500B28909 /* Frameworks */,
				D4D9C4A22E10767500B28909 /* Resources */,
			);
			buildRules = (
			);
			dependencies = (
				D4D9C4A62E10767500B28909 /* PBXTargetDependency */,
			);
			fileSystemSynchronizedGroups = (
				D4D9C4A72E10767500B28909 /* PlantCoachUITests */,
			);
			name = PlantCoachUITests;
			packageProductDependencies = (
			);
			productName = PlantCoachUITests;
			productReference = D4D9C4A42E10767500B28909 /* PlantCoachUITests.xctest */;
			productType = "com.apple.product-type.bundle.ui-testing";
		};
/* End PBXNativeTarget section */

/* Begin PBXProject section */
		D4D9C4852E10767300B28909 /* Project object */ = {
			isa = PBXProject;
			attributes = {
				BuildIndependentTargetsInParallel = 1;
				LastSwiftUpdateCheck = 1640;
				LastUpgradeCheck = 1640;
				TargetAttributes = {
					D4D9C48C2E10767300B28909 = {
						CreatedOnToolsVersion = 16.4;
					};
					D4D9C4992E10767500B28909 = {
						CreatedOnToolsVersion = 16.4;
						TestTargetID = D4D9C48C2E10767300B28909;
					};
					D4D9C4A32E10767500B28909 = {
						CreatedOnToolsVersion = 16.4;
						TestTargetID = D4D9C48C2E10767300B28909;
					};
				};
			};
			buildConfigurationList = D4D9C4882E10767300B28909 /* Build configuration list for PBXProject "PlantCoach" */;
			developmentRegion = en;
			hasScannedForEncodings = 0;
			knownRegions = (
				en,
				Base,
			);
			mainGroup = D4D9C4842E10767300B28909;
			minimizedProjectReferenceProxies = 1;
			packageReferences = (
				D4D9C4CD2E108D1A00B28909 /* XCRemoteSwiftPackageReference "lottie-ios" */,
			);
			preferredProjectObjectVersion = 77;
			productRefGroup = D4D9C48E2E10767300B28909 /* Products */;
			projectDirPath = "";
			projectRoot = "";
			targets = (
				D4D9C48C2E10767300B28909 /* PlantCoach */,
				D4D9C4992E10767500B28909 /* PlantCoachTests */,
				D4D9C4A32E10767500B28909 /* PlantCoachUITests */,
			);
		};
/* End PBXProject section */

/* Begin PBXResourcesBuildPhase section */
		D4D9C48B2E10767300B28909 /* Resources */ = {
			isa = PBXResourcesBuildPhase;
			buildActionMask = 2147483647;
			files = (
			);
			runOnlyForDeploymentPostprocessing = 0;
		};
		D4D9C4982E10767500B28909 /* Resources */ = {
			isa = PBXResourcesBuildPhase;
			buildActionMask = 2147483647;
			files = (
			);
			runOnlyForDeploymentPostprocessing = 0;
		};
		D4D9C4A22E10767500B28909 /* Resources */ = {
			isa = PBXResourcesBuildPhase;
			buildActionMask = 2147483647;
			files = (
			);
			runOnlyForDeploymentPostprocessing = 0;
		};
/* End PBXResourcesBuildPhase section */

/* Begin PBXSourcesBuildPhase section */
		D4D9C4892E10767300B28909 /* Sources */ = {
			isa = PBXSourcesBuildPhase;
			buildActionMask = 2147483647;
			files = (
			);
			runOnlyForDeploymentPostprocessing = 0;
		};
		D4D9C4962E10767500B28909 /* Sources */ = {
			isa = PBXSourcesBuildPhase;
			buildActionMask = 2147483647;
			files = (
			);
			runOnlyForDeploymentPostprocessing = 0;
		};
		D4D9C4A02E10767500B28909 /* Sources */ = {
			isa = PBXSourcesBuildPhase;
			buildActionMask = 2147483647;
			files = (
			);
			runOnlyForDeploymentPostprocessing = 0;
		};
/* End PBXSourcesBuildPhase section */

/* Begin PBXTargetDependency section */
		D4D9C49C2E10767500B28909 /* PBXTargetDependency */ = {
			isa = PBXTargetDependency;
			target = D4D9C48C2E10767300B28909 /* PlantCoach */;
			targetProxy = D4D9C49B2E10767500B28909 /* PBXContainerItemProxy */;
		};
		D4D9C4A62E10767500B28909 /* PBXTargetDependency */ = {
			isa = PBXTargetDependency;
			target = D4D9C48C2E10767300B28909 /* PlantCoach */;
			targetProxy = D4D9C4A52E10767500B28909 /* PBXContainerItemProxy */;
		};
/* End PBXTargetDependency section */

/* Begin XCBuildConfiguration section */
		D4D9C4AC2E10767500B28909 /* Debug */ = {
			isa = XCBuildConfiguration;
			buildSettings = {
				ALWAYS_SEARCH_USER_PATHS = NO;
				ASSETCATALOG_COMPILER_GENERATE_SWIFT_ASSET_SYMBOL_EXTENSIONS = YES;
				CLANG_ANALYZER_NONNULL = YES;
				CLANG_ANALYZER_NUMBER_OBJECT_CONVERSION = YES_AGGRESSIVE;
				CLANG_CXX_LANGUAGE_STANDARD = "gnu++20";
				CLANG_ENABLE_MODULES = YES;
				CLANG_ENABLE_OBJC_ARC = YES;
				CLANG_ENABLE_OBJC_WEAK = YES;
				CLANG_WARN_BLOCK_CAPTURE_AUTORELEASING = YES;
				CLANG_WARN_BOOL_CONVERSION = YES;
				CLANG_WARN_COMMA = YES;
				CLANG_WARN_CONSTANT_CONVERSION = YES;
				CLANG_WARN_DEPRECATED_OBJC_IMPLEMENTATIONS = YES;
				CLANG_WARN_DIRECT_OBJC_ISA_USAGE = YES_ERROR;
				CLANG_WARN_DOCUMENTATION_COMMENTS = YES;
				CLANG_WARN_EMPTY_BODY = YES;
				CLANG_WARN_ENUM_CONVERSION = YES;
				CLANG_WARN_INFINITE_RECURSION = YES;
				CLANG_WARN_INT_CONVERSION = YES;
				CLANG_WARN_NON_LITERAL_NULL_CONVERSION = YES;
				CLANG_WARN_OBJC_IMPLICIT_RETAIN_SELF = YES;
				CLANG_WARN_OBJC_LITERAL_CONVERSION = YES;
				CLANG_WARN_OBJC_ROOT_CLASS = YES_ERROR;
				CLANG_WARN_QUOTED_INCLUDE_IN_FRAMEWORK_HEADER = YES;
				CLANG_WARN_RANGE_LOOP_ANALYSIS = YES;
				CLANG_WARN_STRICT_PROTOTYPES = YES;
				CLANG_WARN_SUSPICIOUS_MOVE = YES;
				CLANG_WARN_UNGUARDED_AVAILABILITY = YES_AGGRESSIVE;
				CLANG_WARN_UNREACHABLE_CODE = YES;
				CLANG_WARN__DUPLICATE_METHOD_MATCH = YES;
				COPY_PHASE_STRIP = NO;
				DEBUG_INFORMATION_FORMAT = dwarf;
				ENABLE_STRICT_OBJC_MSGSEND = YES;
				ENABLE_TESTABILITY = YES;
				ENABLE_USER_SCRIPT_SANDBOXING = YES;
				GCC_C_LANGUAGE_STANDARD = gnu17;
				GCC_DYNAMIC_NO_PIC = NO;
				GCC_NO_COMMON_BLOCKS = YES;
				GCC_OPTIMIZATION_LEVEL = 0;
				GCC_PREPROCESSOR_DEFINITIONS = (
					"DEBUG=1",
					"$(inherited)",
				);
				GCC_WARN_64_TO_32_BIT_CONVERSION = YES;
				GCC_WARN_ABOUT_RETURN_TYPE = YES_ERROR;
				GCC_WARN_UNDECLARED_SELECTOR = YES;
				GCC_WARN_UNINITIALIZED_AUTOS = YES_AGGRESSIVE;
				GCC_WARN_UNUSED_FUNCTION = YES;
				GCC_WARN_UNUSED_VARIABLE = YES;
				IPHONEOS_DEPLOYMENT_TARGET = 18.5;
				LOCALIZATION_PREFERS_STRING_CATALOGS = YES;
				MTL_ENABLE_DEBUG_INFO = INCLUDE_SOURCE;
				MTL_FAST_MATH = YES;
				ONLY_ACTIVE_ARCH = YES;
				SDKROOT = iphoneos;
				SWIFT_ACTIVE_COMPILATION_CONDITIONS = "DEBUG $(inherited)";
				SWIFT_OPTIMIZATION_LEVEL = "-Onone";
			};
			name = Debug;
		};
		D4D9C4AD2E10767500B28909 /* Release */ = {
			isa = XCBuildConfiguration;
			buildSettings = {
				ALWAYS_SEARCH_USER_PATHS = NO;
				ASSETCATALOG_COMPILER_GENERATE_SWIFT_ASSET_SYMBOL_EXTENSIONS = YES;
				CLANG_ANALYZER_NONNULL = YES;
				CLANG_ANALYZER_NUMBER_OBJECT_CONVERSION = YES_AGGRESSIVE;
				CLANG_CXX_LANGUAGE_STANDARD = "gnu++20";
				CLANG_ENABLE_MODULES = YES;
				CLANG_ENABLE_OBJC_ARC = YES;
				CLANG_ENABLE_OBJC_WEAK = YES;
				CLANG_WARN_BLOCK_CAPTURE_AUTORELEASING = YES;
				CLANG_WARN_BOOL_CONVERSION = YES;
				CLANG_WARN_COMMA = YES;
				CLANG_WARN_CONSTANT_CONVERSION = YES;
				CLANG_WARN_DEPRECATED_OBJC_IMPLEMENTATIONS = YES;
				CLANG_WARN_DIRECT_OBJC_ISA_USAGE = YES_ERROR;
				CLANG_WARN_DOCUMENTATION_COMMENTS = YES;
				CLANG_WARN_EMPTY_BODY = YES;
				CLANG_WARN_ENUM_CONVERSION = YES;
				CLANG_WARN_INFINITE_RECURSION = YES;
				CLANG_WARN_INT_CONVERSION = YES;
				CLANG_WARN_NON_LITERAL_NULL_CONVERSION = YES;
				CLANG_WARN_OBJC_IMPLICIT_RETAIN_SELF = YES;
				CLANG_WARN_OBJC_LITERAL_CONVERSION = YES;
				CLANG_WARN_OBJC_ROOT_CLASS = YES_ERROR;
				CLANG_WARN_QUOTED_INCLUDE_IN_FRAMEWORK_HEADER = YES;
				CLANG_WARN_RANGE_LOOP_ANALYSIS = YES;
				CLANG_WARN_STRICT_PROTOTYPES = YES;
				CLANG_WARN_SUSPICIOUS_MOVE = YES;
				CLANG_WARN_UNGUARDED_AVAILABILITY = YES_AGGRESSIVE;
				CLANG_WARN_UNREACHABLE_CODE = YES;
				CLANG_WARN__DUPLICATE_METHOD_MATCH = YES;
				COPY_PHASE_STRIP = NO;
				DEBUG_INFORMATION_FORMAT = "dwarf-with-dsym";
				ENABLE_NS_ASSERTIONS = NO;
				ENABLE_STRICT_OBJC_MSGSEND = YES;
				ENABLE_USER_SCRIPT_SANDBOXING = YES;
				GCC_C_LANGUAGE_STANDARD = gnu17;
				GCC_NO_COMMON_BLOCKS = YES;
				GCC_WARN_64_TO_32_BIT_CONVERSION = YES;
				GCC_WARN_ABOUT_RETURN_TYPE = YES_ERROR;
				GCC_WARN_UNDECLARED_SELECTOR = YES;
				GCC_WARN_UNINITIALIZED_AUTOS = YES_AGGRESSIVE;
				GCC_WARN_UNUSED_FUNCTION = YES;
				GCC_WARN_UNUSED_VARIABLE = YES;
				IPHONEOS_DEPLOYMENT_TARGET = 18.5;
				LOCALIZATION_PREFERS_STRING_CATALOGS = YES;
				MTL_ENABLE_DEBUG_INFO = NO;
				MTL_FAST_MATH = YES;
				SDKROOT = iphoneos;
				SWIFT_COMPILATION_MODE = wholemodule;
				VALIDATE_PRODUCT = YES;
			};
			name = Release;
		};
		D4D9C4AF2E10767500B28909 /* Debug */ = {
			isa = XCBuildConfiguration;
			buildSettings = {
				ASSETCATALOG_COMPILER_APPICON_NAME = AppIcon;
				ASSETCATALOG_COMPILER_GLOBAL_ACCENT_COLOR_NAME = AccentColor;
				CODE_SIGN_STYLE = Automatic;
				CURRENT_PROJECT_VERSION = 1;
				DEVELOPMENT_TEAM = GP846Q4TBF;
				ENABLE_PREVIEWS = YES;
				GENERATE_INFOPLIST_FILE = YES;
				INFOPLIST_KEY_UIApplicationSceneManifest_Generation = YES;
				INFOPLIST_KEY_UIApplicationSupportsIndirectInputEvents = YES;
				INFOPLIST_KEY_UILaunchScreen_Generation = YES;
				INFOPLIST_KEY_UISupportedInterfaceOrientations_iPad = "UIInterfaceOrientationPortrait UIInterfaceOrientationPortraitUpsideDown UIInterfaceOrientationLandscapeLeft UIInterfaceOrientationLandscapeRight";
				INFOPLIST_KEY_UISupportedInterfaceOrientations_iPhone = "UIInterfaceOrientationPortrait UIInterfaceOrientationLandscapeLeft UIInterfaceOrientationLandscapeRight";
				LD_RUNPATH_SEARCH_PATHS = (
					"$(inherited)",
					"@executable_path/Frameworks",
				);
				MARKETING_VERSION = 1.0;
				PRODUCT_BUNDLE_IDENTIFIER = temani.PlantCoach;
				PRODUCT_NAME = "$(TARGET_NAME)";
				SWIFT_EMIT_LOC_STRINGS = YES;
				SWIFT_VERSION = 5.0;
				TARGETED_DEVICE_FAMILY = "1,2";
			};
			name = Debug;
		};
		D4D9C4B02E10767500B28909 /* Release */ = {
			isa = XCBuildConfiguration;
			buildSettings = {
				ASSETCATALOG_COMPILER_APPICON_NAME = AppIcon;
				ASSETCATALOG_COMPILER_GLOBAL_ACCENT_COLOR_NAME = AccentColor;
				CODE_SIGN_STYLE = Automatic;
				CURRENT_PROJECT_VERSION = 1;
				DEVELOPMENT_TEAM = GP846Q4TBF;
				ENABLE_PREVIEWS = YES;
				GENERATE_INFOPLIST_FILE = YES;
				INFOPLIST_KEY_UIApplicationSceneManifest_Generation = YES;
				INFOPLIST_KEY_UIApplicationSupportsIndirectInputEvents = YES;
				INFOPLIST_KEY_UILaunchScreen_Generation = YES;
				INFOPLIST_KEY_UISupportedInterfaceOrientations_iPad = "UIInterfaceOrientationPortrait UIInterfaceOrientationPortraitUpsideDown UIInterfaceOrientationLandscapeLeft UIInterfaceOrientationLandscapeRight";
				INFOPLIST_KEY_UISupportedInterfaceOrientations_iPhone = "UIInterfaceOrientationPortrait UIInterfaceOrientationLandscapeLeft UIInterfaceOrientationLandscapeRight";
				LD_RUNPATH_SEARCH_PATHS = (
					"$(inherited)",
					"@executable_path/Frameworks",
				);
				MARKETING_VERSION = 1.0;
				PRODUCT_BUNDLE_IDENTIFIER = temani.PlantCoach;
				PRODUCT_NAME = "$(TARGET_NAME)";
				SWIFT_EMIT_LOC_STRINGS = YES;
				SWIFT_VERSION = 5.0;
				TARGETED_DEVICE_FAMILY = "1,2";
			};
			name = Release;
		};
		D4D9C4B22E10767500B28909 /* Debug */ = {
			isa = XCBuildConfiguration;
			buildSettings = {
				BUNDLE_LOADER = "$(TEST_HOST)";
				CODE_SIGN_STYLE = Automatic;
				CURRENT_PROJECT_VERSION = 1;
				GENERATE_INFOPLIST_FILE = YES;
				IPHONEOS_DEPLOYMENT_TARGET = 18.5;
				MARKETING_VERSION = 1.0;
				PRODUCT_BUNDLE_IDENTIFIER = temani.PlantCoachTests;
				PRODUCT_NAME = "$(TARGET_NAME)";
				SWIFT_EMIT_LOC_STRINGS = NO;
				SWIFT_VERSION = 5.0;
				TARGETED_DEVICE_FAMILY = "1,2";
				TEST_HOST = "$(BUILT_PRODUCTS_DIR)/PlantCoach.app/$(BUNDLE_EXECUTABLE_FOLDER_PATH)/PlantCoach";
			};
			name = Debug;
		};
		D4D9C4B32E10767500B28909 /* Release */ = {
			isa = XCBuildConfiguration;
			buildSettings = {
				BUNDLE_LOADER = "$(TEST_HOST)";
				CODE_SIGN_STYLE = Automatic;
				CURRENT_PROJECT_VERSION = 1;
				GENERATE_INFOPLIST_FILE = YES;
				IPHONEOS_DEPLOYMENT_TARGET = 18.5;
				MARKETING_VERSION = 1.0;
				PRODUCT_BUNDLE_IDENTIFIER = temani.PlantCoachTests;
				PRODUCT_NAME = "$(TARGET_NAME)";
				SWIFT_EMIT_LOC_STRINGS = NO;
				SWIFT_VERSION = 5.0;
				TARGETED_DEVICE_FAMILY = "1,2";
				TEST_HOST = "$(BUILT_PRODUCTS_DIR)/PlantCoach.app/$(BUNDLE_EXECUTABLE_FOLDER_PATH)/PlantCoach";
			};
			name = Release;
		};
		D4D9C4B52E10767500B28909 /* Debug */ = {
			isa = XCBuildConfiguration;
			buildSettings = {
				CODE_SIGN_STYLE = Automatic;
				CURRENT_PROJECT_VERSION = 1;
				GENERATE_INFOPLIST_FILE = YES;
				MARKETING_VERSION = 1.0;
				PRODUCT_BUNDLE_IDENTIFIER = temani.PlantCoachUITests;
				PRODUCT_NAME = "$(TARGET_NAME)";
				SWIFT_EMIT_LOC_STRINGS = NO;
				SWIFT_VERSION = 5.0;
				TARGETED_DEVICE_FAMILY = "1,2";
				TEST_TARGET_NAME = PlantCoach;
			};
			name = Debug;
		};
		D4D9C4B62E10767500B28909 /* Release */ = {
			isa = XCBuildConfiguration;
			buildSettings = {
				CODE_SIGN_STYLE = Automatic;
				CURRENT_PROJECT_VERSION = 1;
				GENERATE_INFOPLIST_FILE = YES;
				MARKETING_VERSION = 1.0;
				PRODUCT_BUNDLE_IDENTIFIER = temani.PlantCoachUITests;
				PRODUCT_NAME = "$(TARGET_NAME)";
				SWIFT_EMIT_LOC_STRINGS = NO;
				SWIFT_VERSION = 5.0;
				TARGETED_DEVICE_FAMILY = "1,2";
				TEST_TARGET_NAME = PlantCoach;
			};
			name = Release;
		};
/* End XCBuildConfiguration section */

/* Begin XCConfigurationList section */
		D4D9C4882E10767300B28909 /* Build configuration list for PBXProject "PlantCoach" */ = {
			isa = XCConfigurationList;
			buildConfigurations = (
				D4D9C4AC2E10767500B28909 /* Debug */,
				D4D9C4AD2E10767500B28909 /* Release */,
			);
			defaultConfigurationIsVisible = 0;
			defaultConfigurationName = Release;
		};
		D4D9C4AE2E10767500B28909 /* Build configuration list for PBXNativeTarget "PlantCoach" */ = {
			isa = XCConfigurationList;
			buildConfigurations = (
				D4D9C4AF2E10767500B28909 /* Debug */,
				D4D9C4B02E10767500B28909 /* Release */,
			);
			defaultConfigurationIsVisible = 0;
			defaultConfigurationName = Release;
		};
		D4D9C4B12E10767500B28909 /* Build configuration list for PBXNativeTarget "PlantCoachTests" */ = {
			isa = XCConfigurationList;
			buildConfigurations = (
				D4D9C4B22E10767500B28909 /* Debug */,
				D4D9C4B32E10767500B28909 /* Release */,
			);
			defaultConfigurationIsVisible = 0;
			defaultConfigurationName = Release;
		};
		D4D9C4B42E10767500B28909 /* Build configuration list for PBXNativeTarget "PlantCoachUITests" */ = {
			isa = XCConfigurationList;
			buildConfigurations = (
				D4D9C4B52E10767500B28909 /* Debug */,
				D4D9C4B62E10767500B28909 /* Release */,
			);
			defaultConfigurationIsVisible = 0;
			defaultConfigurationName = Release;
		};
/* End XCConfigurationList section */

/* Begin XCRemoteSwiftPackageReference section */
		D4D9C4CD2E108D1A00B28909 /* XCRemoteSwiftPackageReference "lottie-ios" */ = {
			isa = XCRemoteSwiftPackageReference;
			repositoryURL = "https://github.com/airbnb/lottie-ios.git";
			requirement = {
				kind = upToNextMajorVersion;
				minimumVersion = 4.5.2;
			};
		};
/* End XCRemoteSwiftPackageReference section */

/* Begin XCSwiftPackageProductDependency section */
		D4D9C4CE2E108D1A00B28909 /* Lottie */ = {
			isa = XCSwiftPackageProductDependency;
			package = D4D9C4CD2E108D1A00B28909 /* XCRemoteSwiftPackageReference "lottie-ios" */;
			productName = Lottie;
		};
/* End XCSwiftPackageProductDependency section */
	};
	rootObject = D4D9C4852E10767300B28909 /* Project object */;
}
